
Microsoft Visual Studio Solution File, Format Version 12.00
# Visual Studio Version 17
VisualStudioVersion = 17.7.34031.279
MinimumVisualStudioVersion = 10.0.40219.1
Project("{FAE04EC0-301F-11D3-BF4B-00C04F79EFBC}") = "Attacks on systems 2", "Attacks on systems 2\Attacks on systems 2.csproj", "{B6E68DB0-7232-4D5E-AF4D-ABDDA66E8C4B}"
EndProject
Global
	GlobalSection(SolutionConfigurationPlatforms) = preSolution
		Debug|Any CPU = Debug|Any CPU
		Release|Any CPU = Release|Any CPU
	EndGlobalSection
	GlobalSection(ProjectConfigurationPlatforms) = postSolution
		{B6E68DB0-7232-4D5E-AF4D-ABDDA66E8C4B}.Debug|Any CPU.ActiveCfg = Debug|Any CPU
		{B6E68DB0-7232-4D5E-AF4D-ABDDA66E8C4B}.Debug|Any CPU.Build.0 = Debug|Any CPU
		{B6E68DB0-7232-4D5E-AF4D-ABDDA66E8C4B}.Release|Any CPU.ActiveCfg = Release|Any CPU
		{B6E68DB0-7232-4D5E-AF4D-ABDDA66E8C4B}.Release|Any CPU.Build.0 = Release|Any CPU
	EndGlobalSection
	GlobalSection(SolutionProperties) = preSolution
		HideSolutionNode = FALSE
	EndGlobalSection
	GlobalSection(ExtensibilityGlobals) = postSolution
		SolutionGuid = {385BECBD-1C4D-4EDD-BE95-B81CCE5B8B92}
	EndGlobalSection
EndGlobal
